// !$*UTF8*$!
{
	archiveVersion = 1;
	classes = {
	};
	objectVersion = 56;
	objects = {

/* Begin PBXBuildFile section */
		EC69056A29F4F2E00094525A /* AppDelegate.swift in Sources */ = {isa = PBXBuildFile; fileRef = EC69056929F4F2E00094525A /* AppDelegate.swift */; };
		EC69056C29F4F2E00094525A /* SceneDelegate.swift in Sources */ = {isa = PBXBuildFile; fileRef = EC69056B29F4F2E00094525A /* SceneDelegate.swift */; };
		EC69056E29F4F2E00094525A /* ViewController.swift in Sources */ = {isa = PBXBuildFile; fileRef = EC69056D29F4F2E00094525A /* ViewController.swift */; };
		EC69057129F4F2E00094525A /* Main.storyboard in Resources */ = {isa = PBXBuildFile; fileRef = EC69056F29F4F2E00094525A /* Main.storyboard */; };
		EC69057329F4F2E20094525A /* Assets.xcassets in Resources */ = {isa = PBXBuildFile; fileRef = EC69057229F4F2E20094525A /* Assets.xcassets */; };
		EC69057629F4F2E20094525A /* LaunchScreen.storyboard in Resources */ = {isa = PBXBuildFile; fileRef = EC69057429F4F2E20094525A /* LaunchScreen.storyboard */; };
		EC69058129F4F2E20094525A /* Task1ResetTransactionPinTests.swift in Sources */ = {isa = PBXBuildFile; fileRef = EC69058029F4F2E20094525A /* Task1ResetTransactionPinTests.swift */; };
		EC69058B29F4F2E20094525A /* Task1ResetTransactionPinUITests.swift in Sources */ = {isa = PBXBuildFile; fileRef = EC69058A29F4F2E20094525A /* Task1ResetTransactionPinUITests.swift */; };
		EC69058D29F4F2E20094525A /* Task1ResetTransactionPinUITestsLaunchTests.swift in Sources */ = {isa = PBXBuildFile; fileRef = EC69058C29F4F2E20094525A /* Task1ResetTransactionPinUITestsLaunchTests.swift */; };
		EC6905A929F4FE3B0094525A /* Roboto-Medium.ttf in Resources */ = {isa = PBXBuildFile; fileRef = EC69059C29F4FE3B0094525A /* Roboto-Medium.ttf */; };
		EC6905AA29F4FE3B0094525A /* Roboto-Light.ttf in Resources */ = {isa = PBXBuildFile; fileRef = EC69059D29F4FE3B0094525A /* Roboto-Light.ttf */; };
		EC6905AB29F4FE3B0094525A /* Roboto-Regular.ttf in Resources */ = {isa = PBXBuildFile; fileRef = EC69059E29F4FE3B0094525A /* Roboto-Regular.ttf */; };
		EC6905AC29F4FE3B0094525A /* Roboto-MediumItalic.ttf in Resources */ = {isa = PBXBuildFile; fileRef = EC69059F29F4FE3B0094525A /* Roboto-MediumItalic.ttf */; };
		EC6905AD29F4FE3B0094525A /* Roboto-ThinItalic.ttf in Resources */ = {isa = PBXBuildFile; fileRef = EC6905A029F4FE3B0094525A /* Roboto-ThinItalic.ttf */; };
		EC6905AE29F4FE3B0094525A /* Roboto-BoldItalic.ttf in Resources */ = {isa = PBXBuildFile; fileRef = EC6905A129F4FE3B0094525A /* Roboto-BoldItalic.ttf */; };
		EC6905AF29F4FE3B0094525A /* Roboto-LightItalic.ttf in Resources */ = {isa = PBXBuildFile; fileRef = EC6905A229F4FE3B0094525A /* Roboto-LightItalic.ttf */; };
		EC6905B029F4FE3B0094525A /* Roboto-Italic.ttf in Resources */ = {isa = PBXBuildFile; fileRef = EC6905A329F4FE3B0094525A /* Roboto-Italic.ttf */; };
		EC6905B129F4FE3B0094525A /* LICENSE.txt in Resources */ = {isa = PBXBuildFile; fileRef = EC6905A429F4FE3B0094525A /* LICENSE.txt */; };
		EC6905B229F4FE3B0094525A /* Roboto-BlackItalic.ttf in Resources */ = {isa = PBXBuildFile; fileRef = EC6905A529F4FE3B0094525A /* Roboto-BlackItalic.ttf */; };
		EC6905B329F4FE3B0094525A /* Roboto-Bold.ttf in Resources */ = {isa = PBXBuildFile; fileRef = EC6905A629F4FE3B0094525A /* Roboto-Bold.ttf */; };
		EC6905B429F4FE3B0094525A /* Roboto-Thin.ttf in Resources */ = {isa = PBXBuildFile; fileRef = EC6905A729F4FE3B0094525A /* Roboto-Thin.ttf */; };
		EC6905B529F4FE3B0094525A /* Roboto-Black.ttf in Resources */ = {isa = PBXBuildFile; fileRef = EC6905A829F4FE3B0094525A /* Roboto-Black.ttf */; };
/* End PBXBuildFile section */

/* Begin PBXContainerItemProxy section */
		EC69057D29F4F2E20094525A /* PBXContainerItemProxy */ = {
			isa = PBXContainerItemProxy;
			containerPortal = EC69055E29F4F2E00094525A /* Project object */;
			proxyType = 1;
			remoteGlobalIDString = EC69056529F4F2E00094525A;
			remoteInfo = Task1ResetTransactionPin;
		};
		EC69058729F4F2E20094525A /* PBXContainerItemProxy */ = {
			isa = PBXContainerItemProxy;
			containerPortal = EC69055E29F4F2E00094525A /* Project object */;
			proxyType = 1;
			remoteGlobalIDString = EC69056529F4F2E00094525A;
			remoteInfo = Task1ResetTransactionPin;
		};
/* End PBXContainerItemProxy section */

/* Begin PBXFileReference section */
		EC69056629F4F2E00094525A /* Task1ResetTransactionPin.app */ = {isa = PBXFileReference; explicitFileType = wrapper.application; includeInIndex = 0; path = Task1ResetTransactionPin.app; sourceTree = BUILT_PRODUCTS_DIR; };
		EC69056929F4F2E00094525A /* AppDelegate.swift */ = {isa = PBXFileReference; lastKnownFileType = sourcecode.swift; path = AppDelegate.swift; sourceTree = "<group>"; };
		EC69056B29F4F2E00094525A /* SceneDelegate.swift */ = {isa = PBXFileReference; lastKnownFileType = sourcecode.swift; path = SceneDelegate.swift; sourceTree = "<group>"; };
		EC69056D29F4F2E00094525A /* ViewController.swift */ = {isa = PBXFileReference; lastKnownFileType = sourcecode.swift; path = ViewController.swift; sourceTree = "<group>"; };
		EC69057029F4F2E00094525A /* Base */ = {isa = PBXFileReference; lastKnownFileType = file.storyboard; name = Base; path = Base.lproj/Main.storyboard; sourceTree = "<group>"; };
		EC69057229F4F2E20094525A /* Assets.xcassets */ = {isa = PBXFileReference; lastKnownFileType = folder.assetcatalog; path = Assets.xcassets; sourceTree = "<group>"; };
		EC69057529F4F2E20094525A /* Base */ = {isa = PBXFileReference; lastKnownFileType = file.storyboard; name = Base; path = Base.lproj/LaunchScreen.storyboard; sourceTree = "<group>"; };
		EC69057729F4F2E20094525A /* Info.plist */ = {isa = PBXFileReference; lastKnownFileType = text.plist.xml; path = Info.plist; sourceTree = "<group>"; };
		EC69057C29F4F2E20094525A /* Task1ResetTransactionPinTests.xctest */ = {isa = PBXFileReference; explicitFileType = wrapper.cfbundle; includeInIndex = 0; path = Task1ResetTransactionPinTests.xctest; sourceTree = BUILT_PRODUCTS_DIR; };
		EC69058029F4F2E20094525A /* Task1ResetTransactionPinTests.swift */ = {isa = PBXFileReference; lastKnownFileType = sourcecode.swift; path = Task1ResetTransactionPinTests.swift; sourceTree = "<group>"; };
		EC69058629F4F2E20094525A /* Task1ResetTransactionPinUITests.xctest */ = {isa = PBXFileReference; explicitFileType = wrapper.cfbundle; includeInIndex = 0; path = Task1ResetTransactionPinUITests.xctest; sourceTree = BUILT_PRODUCTS_DIR; };
		EC69058A29F4F2E20094525A /* Task1ResetTransactionPinUITests.swift */ = {isa = PBXFileReference; lastKnownFileType = sourcecode.swift; path = Task1ResetTransactionPinUITests.swift; sourceTree = "<group>"; };
		EC69058C29F4F2E20094525A /* Task1ResetTransactionPinUITestsLaunchTests.swift */ = {isa = PBXFileReference; lastKnownFileType = sourcecode.swift; path = Task1ResetTransactionPinUITestsLaunchTests.swift; sourceTree = "<group>"; };
		EC69059C29F4FE3B0094525A /* Roboto-Medium.ttf */ = {isa = PBXFileReference; lastKnownFileType = file; path = "Roboto-Medium.ttf"; sourceTree = "<group>"; };
		EC69059D29F4FE3B0094525A /* Roboto-Light.ttf */ = {isa = PBXFileReference; lastKnownFileType = file; path = "Roboto-Light.ttf"; sourceTree = "<group>"; };
		EC69059E29F4FE3B0094525A /* Roboto-Regular.ttf */ = {isa = PBXFileReference; lastKnownFileType = file; path = "Roboto-Regular.ttf"; sourceTree = "<group>"; };
		EC69059F29F4FE3B0094525A /* Roboto-MediumItalic.ttf */ = {isa = PBXFileReference; lastKnownFileType = file; path = "Roboto-MediumItalic.ttf"; sourceTree = "<group>"; };
		EC6905A029F4FE3B0094525A /* Roboto-ThinItalic.ttf */ = {isa = PBXFileReference; lastKnownFileType = file; path = "Roboto-ThinItalic.ttf"; sourceTree = "<group>"; };
		EC6905A129F4FE3B0094525A /* Roboto-BoldItalic.ttf */ = {isa = PBXFileReference; lastKnownFileType = file; path = "Roboto-BoldItalic.ttf"; sourceTree = "<group>"; };
		EC6905A229F4FE3B0094525A /* Roboto-LightItalic.ttf */ = {isa = PBXFileReference; lastKnownFileType = file; path = "Roboto-LightItalic.ttf"; sourceTree = "<group>"; };
		EC6905A329F4FE3B0094525A /* Roboto-Italic.ttf */ = {isa = PBXFileReference; lastKnownFileType = file; path = "Roboto-Italic.ttf"; sourceTree = "<group>"; };
		EC6905A429F4FE3B0094525A /* LICENSE.txt */ = {isa = PBXFileReference; fileEncoding = 4; lastKnownFileType = text; path = LICENSE.txt; sourceTree = "<group>"; };
		EC6905A529F4FE3B0094525A /* Roboto-BlackItalic.ttf */ = {isa = PBXFileReference; lastKnownFileType = file; path = "Roboto-BlackItalic.ttf"; sourceTree = "<group>"; };
		EC6905A629F4FE3B0094525A /* Roboto-Bold.ttf */ = {isa = PBXFileReference; lastKnownFileType = file; path = "Roboto-Bold.ttf"; sourceTree = "<group>"; };
		EC6905A729F4FE3B0094525A /* Roboto-Thin.ttf */ = {isa = PBXFileReference; lastKnownFileType = file; path = "Roboto-Thin.ttf"; sourceTree = "<group>"; };
		EC6905A829F4FE3B0094525A /* Roboto-Black.ttf */ = {isa = PBXFileReference; lastKnownFileType = file; path = "Roboto-Black.ttf"; sourceTree = "<group>"; };
/* End PBXFileReference section */

/* Begin PBXFrameworksBuildPhase section */
		EC69056329F4F2E00094525A /* Frameworks */ = {
			isa = PBXFrameworksBuildPhase;
			buildActionMask = 2147483647;
			files = (
			);
			runOnlyForDeploymentPostprocessing = 0;
		};
		EC69057929F4F2E20094525A /* Frameworks */ = {
			isa = PBXFrameworksBuildPhase;
			buildActionMask = 2147483647;
			files = (
			);
			runOnlyForDeploymentPostprocessing = 0;
		};
		EC69058329F4F2E20094525A /* Frameworks */ = {
			isa = PBXFrameworksBuildPhase;
			buildActionMask = 2147483647;
			files = (
			);
			runOnlyForDeploymentPostprocessing = 0;
		};
/* End PBXFrameworksBuildPhase section */

/* Begin PBXGroup section */
		EC69055D29F4F2E00094525A = {
			isa = PBXGroup;
			children = (
				EC69056829F4F2E00094525A /* Task1ResetTransactionPin */,
				EC69057F29F4F2E20094525A /* Task1ResetTransactionPinTests */,
				EC69058929F4F2E20094525A /* Task1ResetTransactionPinUITests */,
				EC69056729F4F2E00094525A /* Products */,
			);
			sourceTree = "<group>";
		};
		EC69056729F4F2E00094525A /* Products */ = {
			isa = PBXGroup;
			children = (
				EC69056629F4F2E00094525A /* Task1ResetTransactionPin.app */,
				EC69057C29F4F2E20094525A /* Task1ResetTransactionPinTests.xctest */,
				EC69058629F4F2E20094525A /* Task1ResetTransactionPinUITests.xctest */,
			);
			name = Products;
			sourceTree = "<group>";
		};
		EC69056829F4F2E00094525A /* Task1ResetTransactionPin */ = {
			isa = PBXGroup;
			children = (
				EC69059B29F4FE3B0094525A /* Roboto */,
				EC69056929F4F2E00094525A /* AppDelegate.swift */,
				EC69056B29F4F2E00094525A /* SceneDelegate.swift */,
				EC69056D29F4F2E00094525A /* ViewController.swift */,
				EC69056F29F4F2E00094525A /* Main.storyboard */,
				EC69057229F4F2E20094525A /* Assets.xcassets */,
				EC69057429F4F2E20094525A /* LaunchScreen.storyboard */,
				EC69057729F4F2E20094525A /* Info.plist */,
			);
			path = Task1ResetTransactionPin;
			sourceTree = "<group>";
		};
		EC69057F29F4F2E20094525A /* Task1ResetTransactionPinTests */ = {
			isa = PBXGroup;
			children = (
				EC69058029F4F2E20094525A /* Task1ResetTransactionPinTests.swift */,
			);
			path = Task1ResetTransactionPinTests;
			sourceTree = "<group>";
		};
		EC69058929F4F2E20094525A /* Task1ResetTransactionPinUITests */ = {
			isa = PBXGroup;
			children = (
				EC69058A29F4F2E20094525A /* Task1ResetTransactionPinUITests.swift */,
				EC69058C29F4F2E20094525A /* Task1ResetTransactionPinUITestsLaunchTests.swift */,
			);
			path = Task1ResetTransactionPinUITests;
			sourceTree = "<group>";
		};
		EC69059B29F4FE3B0094525A /* Roboto */ = {
			isa = PBXGroup;
			children = (
				EC69059C29F4FE3B0094525A /* Roboto-Medium.ttf */,
				EC69059D29F4FE3B0094525A /* Roboto-Light.ttf */,
				EC69059E29F4FE3B0094525A /* Roboto-Regular.ttf */,
				EC69059F29F4FE3B0094525A /* Roboto-MediumItalic.ttf */,
				EC6905A029F4FE3B0094525A /* Roboto-ThinItalic.ttf */,
				EC6905A129F4FE3B0094525A /* Roboto-BoldItalic.ttf */,
				EC6905A229F4FE3B0094525A /* Roboto-LightItalic.ttf */,
				EC6905A329F4FE3B0094525A /* Roboto-Italic.ttf */,
				EC6905A429F4FE3B0094525A /* LICENSE.txt */,
				EC6905A529F4FE3B0094525A /* Roboto-BlackItalic.ttf */,
				EC6905A629F4FE3B0094525A /* Roboto-Bold.ttf */,
				EC6905A729F4FE3B0094525A /* Roboto-Thin.ttf */,
				EC6905A829F4FE3B0094525A /* Roboto-Black.ttf */,
			);
			path = Roboto;
			sourceTree = "<group>";
		};
/* End PBXGroup section */

/* Begin PBXNativeTarget section */
		EC69056529F4F2E00094525A /* Task1ResetTransactionPin */ = {
			isa = PBXNativeTarget;
			buildConfigurationList = EC69059029F4F2E20094525A /* Build configuration list for PBXNativeTarget "Task1ResetTransactionPin" */;
			buildPhases = (
				EC69056229F4F2E00094525A /* Sources */,
				EC69056329F4F2E00094525A /* Frameworks */,
				EC69056429F4F2E00094525A /* Resources */,
			);
			buildRules = (
			);
			dependencies = (
			);
			name = Task1ResetTransactionPin;
			productName = Task1ResetTransactionPin;
			productReference = EC69056629F4F2E00094525A /* Task1ResetTransactionPin.app */;
			productType = "com.apple.product-type.application";
		};
		EC69057B29F4F2E20094525A /* Task1ResetTransactionPinTests */ = {
			isa = PBXNativeTarget;
			buildConfigurationList = EC69059329F4F2E20094525A /* Build configuration list for PBXNativeTarget "Task1ResetTransactionPinTests" */;
			buildPhases = (
				EC69057829F4F2E20094525A /* Sources */,
				EC69057929F4F2E20094525A /* Frameworks */,
				EC69057A29F4F2E20094525A /* Resources */,
			);
			buildRules = (
			);
			dependencies = (
				EC69057E29F4F2E20094525A /* PBXTargetDependency */,
			);
			name = Task1ResetTransactionPinTests;
			productName = Task1ResetTransactionPinTests;
			productReference = EC69057C29F4F2E20094525A /* Task1ResetTransactionPinTests.xctest */;
			productType = "com.apple.product-type.bundle.unit-test";
		};
		EC69058529F4F2E20094525A /* Task1ResetTransactionPinUITests */ = {
			isa = PBXNativeTarget;
			buildConfigurationList = EC69059629F4F2E20094525A /* Build configuration list for PBXNativeTarget "Task1ResetTransactionPinUITests" */;
			buildPhases = (
				EC69058229F4F2E20094525A /* Sources */,
				EC69058329F4F2E20094525A /* Frameworks */,
				EC69058429F4F2E20094525A /* Resources */,
			);
			buildRules = (
			);
			dependencies = (
				EC69058829F4F2E20094525A /* PBXTargetDependency */,
			);
			name = Task1ResetTransactionPinUITests;
			productName = Task1ResetTransactionPinUITests;
			productReference = EC69058629F4F2E20094525A /* Task1ResetTransactionPinUITests.xctest */;
			productType = "com.apple.product-type.bundle.ui-testing";
		};
/* End PBXNativeTarget section */

/* Begin PBXProject section */
		EC69055E29F4F2E00094525A /* Project object */ = {
			isa = PBXProject;
			attributes = {
				BuildIndependentTargetsInParallel = 1;
				LastSwiftUpdateCheck = 1410;
				LastUpgradeCheck = 1410;
				TargetAttributes = {
					EC69056529F4F2E00094525A = {
						CreatedOnToolsVersion = 14.1;
					};
					EC69057B29F4F2E20094525A = {
						CreatedOnToolsVersion = 14.1;
						TestTargetID = EC69056529F4F2E00094525A;
					};
					EC69058529F4F2E20094525A = {
						CreatedOnToolsVersion = 14.1;
						TestTargetID = EC69056529F4F2E00094525A;
					};
				};
			};
			buildConfigurationList = EC69056129F4F2E00094525A /* Build configuration list for PBXProject "Task1ResetTransactionPin" */;
			compatibilityVersion = "Xcode 14.0";
			developmentRegion = en;
			hasScannedForEncodings = 0;
			knownRegions = (
				en,
				Base,
			);
			mainGroup = EC69055D29F4F2E00094525A;
			productRefGroup = EC69056729F4F2E00094525A /* Products */;
			projectDirPath = "";
			projectRoot = "";
			targets = (
				EC69056529F4F2E00094525A /* Task1ResetTransactionPin */,
				EC69057B29F4F2E20094525A /* Task1ResetTransactionPinTests */,
				EC69058529F4F2E20094525A /* Task1ResetTransactionPinUITests */,
			);
		};
/* End PBXProject section */

/* Begin PBXResourcesBuildPhase section */
		EC69056429F4F2E00094525A /* Resources */ = {
			isa = PBXResourcesBuildPhase;
			buildActionMask = 2147483647;
			files = (
				EC6905B329F4FE3B0094525A /* Roboto-Bold.ttf in Resources */,
				EC6905B129F4FE3B0094525A /* LICENSE.txt in Resources */,
				EC6905AE29F4FE3B0094525A /* Roboto-BoldItalic.ttf in Resources */,
				EC6905AB29F4FE3B0094525A /* Roboto-Regular.ttf in Resources */,
				EC6905AF29F4FE3B0094525A /* Roboto-LightItalic.ttf in Resources */,
				EC6905A929F4FE3B0094525A /* Roboto-Medium.ttf in Resources */,
				EC69057629F4F2E20094525A /* LaunchScreen.storyboard in Resources */,
				EC6905B229F4FE3B0094525A /* Roboto-BlackItalic.ttf in Resources */,
				EC6905B429F4FE3B0094525A /* Roboto-Thin.ttf in Resources */,
				EC6905AA29F4FE3B0094525A /* Roboto-Light.ttf in Resources */,
				EC6905AD29F4FE3B0094525A /* Roboto-ThinItalic.ttf in Resources */,
				EC6905B529F4FE3B0094525A /* Roboto-Black.ttf in Resources */,
				EC6905AC29F4FE3B0094525A /* Roboto-MediumItalic.ttf in Resources */,
				EC69057329F4F2E20094525A /* Assets.xcassets in Resources */,
				EC6905B029F4FE3B0094525A /* Roboto-Italic.ttf in Resources */,
				EC69057129F4F2E00094525A /* Main.storyboard in Resources */,
			);
			runOnlyForDeploymentPostprocessing = 0;
		};
		EC69057A29F4F2E20094525A /* Resources */ = {
			isa = PBXResourcesBuildPhase;
			buildActionMask = 2147483647;
			files = (
			);
			runOnlyForDeploymentPostprocessing = 0;
		};
		EC69058429F4F2E20094525A /* Resources */ = {
			isa = PBXResourcesBuildPhase;
			buildActionMask = 2147483647;
			files = (
			);
			runOnlyForDeploymentPostprocessing = 0;
		};
/* End PBXResourcesBuildPhase section */

/* Begin PBXSourcesBuildPhase section */
		EC69056229F4F2E00094525A /* Sources */ = {
			isa = PBXSourcesBuildPhase;
			buildActionMask = 2147483647;
			files = (
				EC69056E29F4F2E00094525A /* ViewController.swift in Sources */,
				EC69056A29F4F2E00094525A /* AppDelegate.swift in Sources */,
				EC69056C29F4F2E00094525A /* SceneDelegate.swift in Sources */,
			);
			runOnlyForDeploymentPostprocessing = 0;
		};
		EC69057829F4F2E20094525A /* Sources */ = {
			isa = PBXSourcesBuildPhase;
			buildActionMask = 2147483647;
			files = (
				EC69058129F4F2E20094525A /* Task1ResetTransactionPinTests.swift in Sources */,
			);
			runOnlyForDeploymentPostprocessing = 0;
		};
		EC69058229F4F2E20094525A /* Sources */ = {
			isa = PBXSourcesBuildPhase;
			buildActionMask = 2147483647;
			files = (
				EC69058D29F4F2E20094525A /* Task1ResetTransactionPinUITestsLaunchTests.swift in Sources */,
				EC69058B29F4F2E20094525A /* Task1ResetTransactionPinUITests.swift in Sources */,
			);
			runOnlyForDeploymentPostprocessing = 0;
		};
/* End PBXSourcesBuildPhase section */

/* Begin PBXTargetDependency section */
		EC69057E29F4F2E20094525A /* PBXTargetDependency */ = {
			isa = PBXTargetDependency;
			target = EC69056529F4F2E00094525A /* Task1ResetTransactionPin */;
			targetProxy = EC69057D29F4F2E20094525A /* PBXContainerItemProxy */;
		};
		EC69058829F4F2E20094525A /* PBXTargetDependency */ = {
			isa = PBXTargetDependency;
			target = EC69056529F4F2E00094525A /* Task1ResetTransactionPin */;
			targetProxy = EC69058729F4F2E20094525A /* PBXContainerItemProxy */;
		};
/* End PBXTargetDependency section */

/* Begin PBXVariantGroup section */
		EC69056F29F4F2E00094525A /* Main.storyboard */ = {
			isa = PBXVariantGroup;
			children = (
				EC69057029F4F2E00094525A /* Base */,
			);
			name = Main.storyboard;
			sourceTree = "<group>";
		};
		EC69057429F4F2E20094525A /* LaunchScreen.storyboard */ = {
			isa = PBXVariantGroup;
			children = (
				EC69057529F4F2E20094525A /* Base */,
			);
			name = LaunchScreen.storyboard;
			sourceTree = "<group>";
		};
/* End PBXVariantGroup section */

/* Begin XCBuildConfiguration section */
		EC69058E29F4F2E20094525A /* Debug */ = {
			isa = XCBuildConfiguration;
			buildSettings = {
				ALWAYS_SEARCH_USER_PATHS = NO;
				CLANG_ANALYZER_NONNULL = YES;
				CLANG_ANALYZER_NUMBER_OBJECT_CONVERSION = YES_AGGRESSIVE;
				CLANG_CXX_LANGUAGE_STANDARD = "gnu++20";
				CLANG_ENABLE_MODULES = YES;
				CLANG_ENABLE_OBJC_ARC = YES;
				CLANG_ENABLE_OBJC_WEAK = YES;
				CLANG_WARN_BLOCK_CAPTURE_AUTORELEASING = YES;
				CLANG_WARN_BOOL_CONVERSION = YES;
				CLANG_WARN_COMMA = YES;
				CLANG_WARN_CONSTANT_CONVERSION = YES;
				CLANG_WARN_DEPRECATED_OBJC_IMPLEMENTATIONS = YES;
				CLANG_WARN_DIRECT_OBJC_ISA_USAGE = YES_ERROR;
				CLANG_WARN_DOCUMENTATION_COMMENTS = YES;
				CLANG_WARN_EMPTY_BODY = YES;
				CLANG_WARN_ENUM_CONVERSION = YES;
				CLANG_WARN_INFINITE_RECURSION = YES;
				CLANG_WARN_INT_CONVERSION = YES;
				CLANG_WARN_NON_LITERAL_NULL_CONVERSION = YES;
				CLANG_WARN_OBJC_IMPLICIT_RETAIN_SELF = YES;
				CLANG_WARN_OBJC_LITERAL_CONVERSION = YES;
				CLANG_WARN_OBJC_ROOT_CLASS = YES_ERROR;
				CLANG_WARN_QUOTED_INCLUDE_IN_FRAMEWORK_HEADER = YES;
				CLANG_WARN_RANGE_LOOP_ANALYSIS = YES;
				CLANG_WARN_STRICT_PROTOTYPES = YES;
				CLANG_WARN_SUSPICIOUS_MOVE = YES;
				CLANG_WARN_UNGUARDED_AVAILABILITY = YES_AGGRESSIVE;
				CLANG_WARN_UNREACHABLE_CODE = YES;
				CLANG_WARN__DUPLICATE_METHOD_MATCH = YES;
				COPY_PHASE_STRIP = NO;
				DEBUG_INFORMATION_FORMAT = dwarf;
				ENABLE_STRICT_OBJC_MSGSEND = YES;
				ENABLE_TESTABILITY = YES;
				GCC_C_LANGUAGE_STANDARD = gnu11;
				GCC_DYNAMIC_NO_PIC = NO;
				GCC_NO_COMMON_BLOCKS = YES;
				GCC_OPTIMIZATION_LEVEL = 0;
				GCC_PREPROCESSOR_DEFINITIONS = (
					"DEBUG=1",
					"$(inherited)",
				);
				GCC_WARN_64_TO_32_BIT_CONVERSION = YES;
				GCC_WARN_ABOUT_RETURN_TYPE = YES_ERROR;
				GCC_WARN_UNDECLARED_SELECTOR = YES;
				GCC_WARN_UNINITIALIZED_AUTOS = YES_AGGRESSIVE;
				GCC_WARN_UNUSED_FUNCTION = YES;
				GCC_WARN_UNUSED_VARIABLE = YES;
				IPHONEOS_DEPLOYMENT_TARGET = 16.1;
				MTL_ENABLE_DEBUG_INFO = INCLUDE_SOURCE;
				MTL_FAST_MATH = YES;
				ONLY_ACTIVE_ARCH = YES;
				SDKROOT = iphoneos;
				SWIFT_ACTIVE_COMPILATION_CONDITIONS = DEBUG;
				SWIFT_OPTIMIZATION_LEVEL = "-Onone";
			};
			name = Debug;
		};
		EC69058F29F4F2E20094525A /* Release */ = {
			isa = XCBuildConfiguration;
			buildSettings = {
				ALWAYS_SEARCH_USER_PATHS = NO;
				CLANG_ANALYZER_NONNULL = YES;
				CLANG_ANALYZER_NUMBER_OBJECT_CONVERSION = YES_AGGRESSIVE;
				CLANG_CXX_LANGUAGE_STANDARD = "gnu++20";
				CLANG_ENABLE_MODULES = YES;
				CLANG_ENABLE_OBJC_ARC = YES;
				CLANG_ENABLE_OBJC_WEAK = YES;
				CLANG_WARN_BLOCK_CAPTURE_AUTORELEASING = YES;
				CLANG_WARN_BOOL_CONVERSION = YES;
				CLANG_WARN_COMMA = YES;
				CLANG_WARN_CONSTANT_CONVERSION = YES;
				CLANG_WARN_DEPRECATED_OBJC_IMPLEMENTATIONS = YES;
				CLANG_WARN_DIRECT_OBJC_ISA_USAGE = YES_ERROR;
				CLANG_WARN_DOCUMENTATION_COMMENTS = YES;
				CLANG_WARN_EMPTY_BODY = YES;
				CLANG_WARN_ENUM_CONVERSION = YES;
				CLANG_WARN_INFINITE_RECURSION = YES;
				CLANG_WARN_INT_CONVERSION = YES;
				CLANG_WARN_NON_LITERAL_NULL_CONVERSION = YES;
				CLANG_WARN_OBJC_IMPLICIT_RETAIN_SELF = YES;
				CLANG_WARN_OBJC_LITERAL_CONVERSION = YES;
				CLANG_WARN_OBJC_ROOT_CLASS = YES_ERROR;
				CLANG_WARN_QUOTED_INCLUDE_IN_FRAMEWORK_HEADER = YES;
				CLANG_WARN_RANGE_LOOP_ANALYSIS = YES;
				CLANG_WARN_STRICT_PROTOTYPES = YES;
				CLANG_WARN_SUSPICIOUS_MOVE = YES;
				CLANG_WARN_UNGUARDED_AVAILABILITY = YES_AGGRESSIVE;
				CLANG_WARN_UNREACHABLE_CODE = YES;
				CLANG_WARN__DUPLICATE_METHOD_MATCH = YES;
				COPY_PHASE_STRIP = NO;
				DEBUG_INFORMATION_FORMAT = "dwarf-with-dsym";
				ENABLE_NS_ASSERTIONS = NO;
				ENABLE_STRICT_OBJC_MSGSEND = YES;
				GCC_C_LANGUAGE_STANDARD = gnu11;
				GCC_NO_COMMON_BLOCKS = YES;
				GCC_WARN_64_TO_32_BIT_CONVERSION = YES;
				GCC_WARN_ABOUT_RETURN_TYPE = YES_ERROR;
				GCC_WARN_UNDECLARED_SELECTOR = YES;
				GCC_WARN_UNINITIALIZED_AUTOS = YES_AGGRESSIVE;
				GCC_WARN_UNUSED_FUNCTION = YES;
				GCC_WARN_UNUSED_VARIABLE = YES;
				IPHONEOS_DEPLOYMENT_TARGET = 16.1;
				MTL_ENABLE_DEBUG_INFO = NO;
				MTL_FAST_MATH = YES;
				SDKROOT = iphoneos;
				SWIFT_COMPILATION_MODE = wholemodule;
				SWIFT_OPTIMIZATION_LEVEL = "-O";
				VALIDATE_PRODUCT = YES;
			};
			name = Release;
		};
		EC69059129F4F2E20094525A /* Debug */ = {
			isa = XCBuildConfiguration;
			buildSettings = {
				ASSETCATALOG_COMPILER_APPICON_NAME = AppIcon;
				ASSETCATALOG_COMPILER_GLOBAL_ACCENT_COLOR_NAME = AccentColor;
				CODE_SIGN_STYLE = Automatic;
				CURRENT_PROJECT_VERSION = 1;
				GENERATE_INFOPLIST_FILE = YES;
				INFOPLIST_FILE = Task1ResetTransactionPin/Info.plist;
				INFOPLIST_KEY_UIApplicationSupportsIndirectInputEvents = YES;
				INFOPLIST_KEY_UILaunchStoryboardName = LaunchScreen;
				INFOPLIST_KEY_UIMainStoryboardFile = Main;
				INFOPLIST_KEY_UISupportedInterfaceOrientations = UIInterfaceOrientationPortrait;
				INFOPLIST_KEY_UISupportedInterfaceOrientations_iPad = "UIInterfaceOrientationLandscapeLeft UIInterfaceOrientationLandscapeRight UIInterfaceOrientationPortrait UIInterfaceOrientationPortraitUpsideDown";
				LD_RUNPATH_SEARCH_PATHS = (
					"$(inherited)",
					"@executable_path/Frameworks",
				);
				MARKETING_VERSION = 1.0;
				PRODUCT_BUNDLE_IDENTIFIER = com.FirstProject.Task1ResetTransactionPin;
				PRODUCT_NAME = "$(TARGET_NAME)";
				SWIFT_EMIT_LOC_STRINGS = YES;
				SWIFT_VERSION = 5.0;
				TARGETED_DEVICE_FAMILY = "1,2";
			};
			name = Debug;
		};
		EC69059229F4F2E20094525A /* Release */ = {
			isa = XCBuildConfiguration;
			buildSettings = {
				ASSETCATALOG_COMPILER_APPICON_NAME = AppIcon;
				ASSETCATALOG_COMPILER_GLOBAL_ACCENT_COLOR_NAME = AccentColor;
				CODE_SIGN_STYLE = Automatic;
				CURRENT_PROJECT_VERSION = 1;
				GENERATE_INFOPLIST_FILE = YES;
				INFOPLIST_FILE = Task1ResetTransactionPin/Info.plist;
				INFOPLIST_KEY_UIApplicationSupportsIndirectInputEvents = YES;
				INFOPLIST_KEY_UILaunchStoryboardName = LaunchScreen;
				INFOPLIST_KEY_UIMainStoryboardFile = Main;
				INFOPLIST_KEY_UISupportedInterfaceOrientations = UIInterfaceOrientationPortrait;
				INFOPLIST_KEY_UISupportedInterfaceOrientations_iPad = "UIInterfaceOrientationLandscapeLeft UIInterfaceOrientationLandscapeRight UIInterfaceOrientationPortrait UIInterfaceOrientationPortraitUpsideDown";
				LD_RUNPATH_SEARCH_PATHS = (
					"$(inherited)",
					"@executable_path/Frameworks",
				);
				MARKETING_VERSION = 1.0;
				PRODUCT_BUNDLE_IDENTIFIER = com.FirstProject.Task1ResetTransactionPin;
				PRODUCT_NAME = "$(TARGET_NAME)";
				SWIFT_EMIT_LOC_STRINGS = YES;
				SWIFT_VERSION = 5.0;
				TARGETED_DEVICE_FAMILY = "1,2";
			};
			name = Release;
		};
		EC69059429F4F2E20094525A /* Debug */ = {
			isa = XCBuildConfiguration;
			buildSettings = {
				ALWAYS_EMBED_SWIFT_STANDARD_LIBRARIES = YES;
				BUNDLE_LOADER = "$(TEST_HOST)";
				CODE_SIGN_STYLE = Automatic;
				CURRENT_PROJECT_VERSION = 1;
				GENERATE_INFOPLIST_FILE = YES;
				IPHONEOS_DEPLOYMENT_TARGET = 16.1;
				MARKETING_VERSION = 1.0;
				PRODUCT_BUNDLE_IDENTIFIER = com.FirstProject.Task1ResetTransactionPinTests;
				PRODUCT_NAME = "$(TARGET_NAME)";
				SWIFT_EMIT_LOC_STRINGS = NO;
				SWIFT_VERSION = 5.0;
				TARGETED_DEVICE_FAMILY = "1,2";
				TEST_HOST = "$(BUILT_PRODUCTS_DIR)/Task1ResetTransactionPin.app/$(BUNDLE_EXECUTABLE_FOLDER_PATH)/Task1ResetTransactionPin";
			};
			name = Debug;
		};
		EC69059529F4F2E20094525A /* Release */ = {
			isa = XCBuildConfiguration;
			buildSettings = {
				ALWAYS_EMBED_SWIFT_STANDARD_LIBRARIES = YES;
				BUNDLE_LOADER = "$(TEST_HOST)";
				CODE_SIGN_STYLE = Automatic;
				CURRENT_PROJECT_VERSION = 1;
				GENERATE_INFOPLIST_FILE = YES;
				IPHONEOS_DEPLOYMENT_TARGET = 16.1;
				MARKETING_VERSION = 1.0;
				PRODUCT_BUNDLE_IDENTIFIER = com.FirstProject.Task1ResetTransactionPinTests;
				PRODUCT_NAME = "$(TARGET_NAME)";
				SWIFT_EMIT_LOC_STRINGS = NO;
				SWIFT_VERSION = 5.0;
				TARGETED_DEVICE_FAMILY = "1,2";
				TEST_HOST = "$(BUILT_PRODUCTS_DIR)/Task1ResetTransactionPin.app/$(BUNDLE_EXECUTABLE_FOLDER_PATH)/Task1ResetTransactionPin";
			};
			name = Release;
		};
		EC69059729F4F2E20094525A /* Debug */ = {
			isa = XCBuildConfiguration;
			buildSettings = {
				ALWAYS_EMBED_SWIFT_STANDARD_LIBRARIES = YES;
				CODE_SIGN_STYLE = Automatic;
				CURRENT_PROJECT_VERSION = 1;
				GENERATE_INFOPLIST_FILE = YES;
				MARKETING_VERSION = 1.0;
				PRODUCT_BUNDLE_IDENTIFIER = com.FirstProject.Task1ResetTransactionPinUITests;
				PRODUCT_NAME = "$(TARGET_NAME)";
				SWIFT_EMIT_LOC_STRINGS = NO;
				SWIFT_VERSION = 5.0;
				TARGETED_DEVICE_FAMILY = "1,2";
				TEST_TARGET_NAME = Task1ResetTransactionPin;
			};
			name = Debug;
		};
		EC69059829F4F2E20094525A /* Release */ = {
			isa = XCBuildConfiguration;
			buildSettings = {
				ALWAYS_EMBED_SWIFT_STANDARD_LIBRARIES = YES;
				CODE_SIGN_STYLE = Automatic;
				CURRENT_PROJECT_VERSION = 1;
				GENERATE_INFOPLIST_FILE = YES;
				MARKETING_VERSION = 1.0;
				PRODUCT_BUNDLE_IDENTIFIER = com.FirstProject.Task1ResetTransactionPinUITests;
				PRODUCT_NAME = "$(TARGET_NAME)";
				SWIFT_EMIT_LOC_STRINGS = NO;
				SWIFT_VERSION = 5.0;
				TARGETED_DEVICE_FAMILY = "1,2";
				TEST_TARGET_NAME = Task1ResetTransactionPin;
			};
			name = Release;
		};
/* End XCBuildConfiguration section */

/* Begin XCConfigurationList section */
		EC69056129F4F2E00094525A /* Build configuration list for PBXProject "Task1ResetTransactionPin" */ = {
			isa = XCConfigurationList;
			buildConfigurations = (
				EC69058E29F4F2E20094525A /* Debug */,
				EC69058F29F4F2E20094525A /* Release */,
			);
			defaultConfigurationIsVisible = 0;
			defaultConfigurationName = Release;
		};
		EC69059029F4F2E20094525A /* Build configuration list for PBXNativeTarget "Task1ResetTransactionPin" */ = {
			isa = XCConfigurationList;
			buildConfigurations = (
				EC69059129F4F2E20094525A /* Debug */,
				EC69059229F4F2E20094525A /* Release */,
			);
			defaultConfigurationIsVisible = 0;
			defaultConfigurationName = Release;
		};
		EC69059329F4F2E20094525A /* Build configuration list for PBXNativeTarget "Task1ResetTransactionPinTests" */ = {
			isa = XCConfigurationList;
			buildConfigurations = (
				EC69059429F4F2E20094525A /* Debug */,
				EC69059529F4F2E20094525A /* Release */,
			);
			defaultConfigurationIsVisible = 0;
			defaultConfigurationName = Release;
		};
		EC69059629F4F2E20094525A /* Build configuration list for PBXNativeTarget "Task1ResetTransactionPinUITests" */ = {
			isa = XCConfigurationList;
			buildConfigurations = (
				EC69059729F4F2E20094525A /* Debug */,
				EC69059829F4F2E20094525A /* Release */,
			);
			defaultConfigurationIsVisible = 0;
			defaultConfigurationName = Release;
		};
/* End XCConfigurationList section */
	};
	rootObject = EC69055E29F4F2E00094525A /* Project object */;
}
